
Microsoft Visual Studio Solution File, Format Version 12.00
# Visual Studio Version 16
VisualStudioVersion = 16.0.31402.337
MinimumVisualStudioVersion = 10.0.40219.1
Project("{FAE04EC0-301F-11D3-BF4B-00C04F79EFBC}") = "Sorteador", "Sorteador\Sorteador.csproj", "{D376358E-7DC2-49F6-9C81-E14278D333F9}"
EndProject
Global
	GlobalSection(SolutionConfigurationPlatforms) = preSolution
		Debug|Any CPU = Debug|Any CPU
		Release|Any CPU = Release|Any CPU
	EndGlobalSection
	GlobalSection(ProjectConfigurationPlatforms) = postSolution
		{D376358E-7DC2-49F6-9C81-E14278D333F9}.Debug|Any CPU.ActiveCfg = Debug|Any CPU
		{D376358E-7DC2-49F6-9C81-E14278D333F9}.Debug|Any CPU.Build.0 = Debug|Any CPU
		{D376358E-7DC2-49F6-9C81-E14278D333F9}.Release|Any CPU.ActiveCfg = Release|Any CPU
		{D376358E-7DC2-49F6-9C81-E14278D333F9}.Release|Any CPU.Build.0 = Release|Any CPU
	EndGlobalSection
	GlobalSection(SolutionProperties) = preSolution
		HideSolutionNode = FALSE
	EndGlobalSection
	GlobalSection(ExtensibilityGlobals) = postSolution
		SolutionGuid = {FC427C81-0B8C-46E1-AE54-E4DCB2F90C95}
	EndGlobalSection
EndGlobal
